
Microsoft Visual Studio Solution File, Format Version 12.00
# Visual Studio Version 17
VisualStudioVersion = 17.1.32210.238
MinimumVisualStudioVersion = 10.0.40219.1
Project("{2150E333-8FDC-42A3-9474-1A3956D46DE8}") = "SagaChoreographyPattern", "SagaChoreographyPattern", "{BAA18B4B-3898-41A6-BEDF-C128DB7D255D}"
EndProject
Project("{9A19103F-16F7-4668-BE54-9A1E7A4F7556}") = "Order.API", "SagaChoreographyPattern\Order.API\Order.API.csproj", "{4CEA5DD5-1904-4911-88CB-B5F23D61C3CD}"
EndProject
Project("{9A19103F-16F7-4668-BE54-9A1E7A4F7556}") = "Stock.API", "SagaChoreographyPattern\Stock.API\Stock.API.csproj", "{7AAAC505-3B62-473F-A51D-99557D04F6CF}"
EndProject
Project("{9A19103F-16F7-4668-BE54-9A1E7A4F7556}") = "Payment.API", "SagaChoreographyPattern\Payment.API\Payment.API.csproj", "{D9D24FDD-1BC2-4FB5-A1CB-34D395C36E7A}"
EndProject
Project("{9A19103F-16F7-4668-BE54-9A1E7A4F7556}") = "Shared", "SagaChoreographyPattern\Shared\Shared.csproj", "{04461AA9-984E-41E1-BFFB-D1F9CC4529E8}"
EndProject
Project("{2150E333-8FDC-42A3-9474-1A3956D46DE8}") = "SagaOrchestrationPattern", "SagaOrchestrationPattern", "{BDC8748F-2FBE-49F1-99AB-CD4C5A2BA797}"
EndProject
Project("{9A19103F-16F7-4668-BE54-9A1E7A4F7556}") = "Saga.Orchestration.Order.API", "SagaOrchestrationPattern\Saga.Orchestration.Order.API\Saga.Orchestration.Order.API.csproj", "{55DFB76D-09B4-40E1-AFB2-85A30D5D002E}"
EndProject
Project("{9A19103F-16F7-4668-BE54-9A1E7A4F7556}") = "Saga.Orchestration.Stock.API", "SagaOrchestrationPattern\Saga.Orchestration.Stock.API\Saga.Orchestration.Stock.API.csproj", "{701B2444-6206-4193-A02E-19D91F290B10}"
EndProject
Project("{9A19103F-16F7-4668-BE54-9A1E7A4F7556}") = "Saga.Orchestration.Payment.API", "SagaOrchestrationPattern\Saga.Orchestration.Payment.API\Saga.Orchestration.Payment.API.csproj", "{EF548341-29FC-491C-8C0A-02255F2FFB8C}"
EndProject
Project("{9A19103F-16F7-4668-BE54-9A1E7A4F7556}") = "Saga.Orchestration.StateMachineWorkerService", "SagaOrchestrationPattern\Saga.Orchestration.StateMachineWorkerService\Saga.Orchestration.StateMachineWorkerService.csproj", "{01CBB7E2-EA96-4DA1-8560-1B5C8818FE38}"
EndProject
Project("{9A19103F-16F7-4668-BE54-9A1E7A4F7556}") = "Saga.Orchestration.Shared", "SagaOrchestrationPattern\Saga.Orchestration.Shared\Saga.Orchestration.Shared.csproj", "{7992ED44-CA6C-442F-8339-BF37ABE36B53}"
EndProject
Project("{2150E333-8FDC-42A3-9474-1A3956D46DE8}") = "EventSourcing", "EventSourcing", "{7D73FA16-8F46-4183-985A-CF6744A5AB77}"
EndProject
Project("{FAE04EC0-301F-11D3-BF4B-00C04F79EFBC}") = "EventSourcing.Shared", "EventSourcing\EventSourcing.Shared\EventSourcing.Shared.csproj", "{53A3E1A3-28B5-4007-8AD5-C9A94C009681}"
EndProject
Project("{FAE04EC0-301F-11D3-BF4B-00C04F79EFBC}") = "EventSourcing.API", "EventSourcing\EventSourcing.API\EventSourcing.API.csproj", "{7EE8A74C-8FB0-4F05-98C0-32E055A902D6}"
EndProject
Global
	GlobalSection(SolutionConfigurationPlatforms) = preSolution
		Debug|Any CPU = Debug|Any CPU
		Release|Any CPU = Release|Any CPU
	EndGlobalSection
	GlobalSection(ProjectConfigurationPlatforms) = postSolution
		{4CEA5DD5-1904-4911-88CB-B5F23D61C3CD}.Debug|Any CPU.ActiveCfg = Debug|Any CPU
		{4CEA5DD5-1904-4911-88CB-B5F23D61C3CD}.Debug|Any CPU.Build.0 = Debug|Any CPU
		{4CEA5DD5-1904-4911-88CB-B5F23D61C3CD}.Release|Any CPU.ActiveCfg = Release|Any CPU
		{4CEA5DD5-1904-4911-88CB-B5F23D61C3CD}.Release|Any CPU.Build.0 = Release|Any CPU
		{7AAAC505-3B62-473F-A51D-99557D04F6CF}.Debug|Any CPU.ActiveCfg = Debug|Any CPU
		{7AAAC505-3B62-473F-A51D-99557D04F6CF}.Debug|Any CPU.Build.0 = Debug|Any CPU
		{7AAAC505-3B62-473F-A51D-99557D04F6CF}.Release|Any CPU.ActiveCfg = Release|Any CPU
		{7AAAC505-3B62-473F-A51D-99557D04F6CF}.Release|Any CPU.Build.0 = Release|Any CPU
		{D9D24FDD-1BC2-4FB5-A1CB-34D395C36E7A}.Debug|Any CPU.ActiveCfg = Debug|Any CPU
		{D9D24FDD-1BC2-4FB5-A1CB-34D395C36E7A}.Debug|Any CPU.Build.0 = Debug|Any CPU
		{D9D24FDD-1BC2-4FB5-A1CB-34D395C36E7A}.Release|Any CPU.ActiveCfg = Release|Any CPU
		{D9D24FDD-1BC2-4FB5-A1CB-34D395C36E7A}.Release|Any CPU.Build.0 = Release|Any CPU
		{04461AA9-984E-41E1-BFFB-D1F9CC4529E8}.Debug|Any CPU.ActiveCfg = Debug|Any CPU
		{04461AA9-984E-41E1-BFFB-D1F9CC4529E8}.Debug|Any CPU.Build.0 = Debug|Any CPU
		{04461AA9-984E-41E1-BFFB-D1F9CC4529E8}.Release|Any CPU.ActiveCfg = Release|Any CPU
		{04461AA9-984E-41E1-BFFB-D1F9CC4529E8}.Release|Any CPU.Build.0 = Release|Any CPU
		{55DFB76D-09B4-40E1-AFB2-85A30D5D002E}.Debug|Any CPU.ActiveCfg = Debug|Any CPU
		{55DFB76D-09B4-40E1-AFB2-85A30D5D002E}.Debug|Any CPU.Build.0 = Debug|Any CPU
		{55DFB76D-09B4-40E1-AFB2-85A30D5D002E}.Release|Any CPU.ActiveCfg = Release|Any CPU
		{55DFB76D-09B4-40E1-AFB2-85A30D5D002E}.Release|Any CPU.Build.0 = Release|Any CPU
		{701B2444-6206-4193-A02E-19D91F290B10}.Debug|Any CPU.ActiveCfg = Debug|Any CPU
		{701B2444-6206-4193-A02E-19D91F290B10}.Debug|Any CPU.Build.0 = Debug|Any CPU
		{701B2444-6206-4193-A02E-19D91F290B10}.Release|Any CPU.ActiveCfg = Release|Any CPU
		{701B2444-6206-4193-A02E-19D91F290B10}.Release|Any CPU.Build.0 = Release|Any CPU
		{EF548341-29FC-491C-8C0A-02255F2FFB8C}.Debug|Any CPU.ActiveCfg = Debug|Any CPU
		{EF548341-29FC-491C-8C0A-02255F2FFB8C}.Debug|Any CPU.Build.0 = Debug|Any CPU
		{EF548341-29FC-491C-8C0A-02255F2FFB8C}.Release|Any CPU.ActiveCfg = Release|Any CPU
		{EF548341-29FC-491C-8C0A-02255F2FFB8C}.Release|Any CPU.Build.0 = Release|Any CPU
		{01CBB7E2-EA96-4DA1-8560-1B5C8818FE38}.Debug|Any CPU.ActiveCfg = Debug|Any CPU
		{01CBB7E2-EA96-4DA1-8560-1B5C8818FE38}.Debug|Any CPU.Build.0 = Debug|Any CPU
		{01CBB7E2-EA96-4DA1-8560-1B5C8818FE38}.Release|Any CPU.ActiveCfg = Release|Any CPU
		{01CBB7E2-EA96-4DA1-8560-1B5C8818FE38}.Release|Any CPU.Build.0 = Release|Any CPU
		{7992ED44-CA6C-442F-8339-BF37ABE36B53}.Debug|Any CPU.ActiveCfg = Debug|Any CPU
		{7992ED44-CA6C-442F-8339-BF37ABE36B53}.Debug|Any CPU.Build.0 = Debug|Any CPU
		{7992ED44-CA6C-442F-8339-BF37ABE36B53}.Release|Any CPU.ActiveCfg = Release|Any CPU
		{7992ED44-CA6C-442F-8339-BF37ABE36B53}.Release|Any CPU.Build.0 = Release|Any CPU
		{53A3E1A3-28B5-4007-8AD5-C9A94C009681}.Debug|Any CPU.ActiveCfg = Debug|Any CPU
		{53A3E1A3-28B5-4007-8AD5-C9A94C009681}.Debug|Any CPU.Build.0 = Debug|Any CPU
		{53A3E1A3-28B5-4007-8AD5-C9A94C009681}.Release|Any CPU.ActiveCfg = Release|Any CPU
		{53A3E1A3-28B5-4007-8AD5-C9A94C009681}.Release|Any CPU.Build.0 = Release|Any CPU
		{7EE8A74C-8FB0-4F05-98C0-32E055A902D6}.Debug|Any CPU.ActiveCfg = Debug|Any CPU
		{7EE8A74C-8FB0-4F05-98C0-32E055A902D6}.Debug|Any CPU.Build.0 = Debug|Any CPU
		{7EE8A74C-8FB0-4F05-98C0-32E055A902D6}.Release|Any CPU.ActiveCfg = Release|Any CPU
		{7EE8A74C-8FB0-4F05-98C0-32E055A902D6}.Release|Any CPU.Build.0 = Release|Any CPU
	EndGlobalSection
	GlobalSection(SolutionProperties) = preSolution
		HideSolutionNode = FALSE
	EndGlobalSection
	GlobalSection(NestedProjects) = preSolution
		{4CEA5DD5-1904-4911-88CB-B5F23D61C3CD} = {BAA18B4B-3898-41A6-BEDF-C128DB7D255D}
		{7AAAC505-3B62-473F-A51D-99557D04F6CF} = {BAA18B4B-3898-41A6-BEDF-C128DB7D255D}
		{D9D24FDD-1BC2-4FB5-A1CB-34D395C36E7A} = {BAA18B4B-3898-41A6-BEDF-C128DB7D255D}
		{04461AA9-984E-41E1-BFFB-D1F9CC4529E8} = {BAA18B4B-3898-41A6-BEDF-C128DB7D255D}
		{55DFB76D-09B4-40E1-AFB2-85A30D5D002E} = {BDC8748F-2FBE-49F1-99AB-CD4C5A2BA797}
		{701B2444-6206-4193-A02E-19D91F290B10} = {BDC8748F-2FBE-49F1-99AB-CD4C5A2BA797}
		{EF548341-29FC-491C-8C0A-02255F2FFB8C} = {BDC8748F-2FBE-49F1-99AB-CD4C5A2BA797}
		{01CBB7E2-EA96-4DA1-8560-1B5C8818FE38} = {BDC8748F-2FBE-49F1-99AB-CD4C5A2BA797}
		{7992ED44-CA6C-442F-8339-BF37ABE36B53} = {BDC8748F-2FBE-49F1-99AB-CD4C5A2BA797}
		{53A3E1A3-28B5-4007-8AD5-C9A94C009681} = {7D73FA16-8F46-4183-985A-CF6744A5AB77}
		{7EE8A74C-8FB0-4F05-98C0-32E055A902D6} = {7D73FA16-8F46-4183-985A-CF6744A5AB77}
	EndGlobalSection
	GlobalSection(ExtensibilityGlobals) = postSolution
		SolutionGuid = {8AD5DFFB-0D47-4CF2-8B0E-88246151CB47}
	EndGlobalSection
EndGlobal
